
Microsoft Visual Studio Solution File, Format Version 12.00
# Visual Studio Version 16
VisualStudioVersion = 16.0.31624.102
MinimumVisualStudioVersion = 10.0.40219.1
Project("{FAE04EC0-301F-11D3-BF4B-00C04F79EFBC}") = "wad", "wad\wad.csproj", "{5DC37558-8F21-4482-BDF3-463058670FF3}"
EndProject
Global
	GlobalSection(SolutionConfigurationPlatforms) = preSolution
		Debug|Any CPU = Debug|Any CPU
		Release|Any CPU = Release|Any CPU
	EndGlobalSection
	GlobalSection(ProjectConfigurationPlatforms) = postSolution
		{5DC37558-8F21-4482-BDF3-463058670FF3}.Debug|Any CPU.ActiveCfg = Debug|Any CPU
		{5DC37558-8F21-4482-BDF3-463058670FF3}.Debug|Any CPU.Build.0 = Debug|Any CPU
		{5DC37558-8F21-4482-BDF3-463058670FF3}.Release|Any CPU.ActiveCfg = Release|Any CPU
		{5DC37558-8F21-4482-BDF3-463058670FF3}.Release|Any CPU.Build.0 = Release|Any CPU
	EndGlobalSection
	GlobalSection(SolutionProperties) = preSolution
		HideSolutionNode = FALSE
	EndGlobalSection
	GlobalSection(ExtensibilityGlobals) = postSolution
		SolutionGuid = {A2483BE5-BBFB-462F-8739-9BF9B70DF4D1}
	EndGlobalSection
EndGlobal
